
Microsoft Visual Studio Solution File, Format Version 12.00
# Visual Studio Version 16
VisualStudioVersion = 16.0.28917.181
MinimumVisualStudioVersion = 10.0.40219.1
Project("{FAE04EC0-301F-11D3-BF4B-00C04F79EFBC}") = "Lepton Browser", "Lepton Browser\Lepton Browser.csproj", "{708DB0C8-ED43-41B5-950F-90402BA63E73}"
	ProjectSection(ProjectDependencies) = postProject
		{FE38DF6A-0619-4199-ADEB-BD3EF0E07297} = {FE38DF6A-0619-4199-ADEB-BD3EF0E07297}
	EndProjectSection
EndProject
Project("{FAE04EC0-301F-11D3-BF4B-00C04F79EFBC}") = "Lepton Library", "Lepton Library\Lepton Library.csproj", "{FE38DF6A-0619-4199-ADEB-BD3EF0E07297}"
EndProject
Project("{FAE04EC0-301F-11D3-BF4B-00C04F79EFBC}") = "WebViewJSBridge", "WebViewJSBridge\WebViewJSBridge.csproj", "{EDA4A960-FC06-40DD-80B7-17347DF3EFBF}"
EndProject
Global
	GlobalSection(SolutionConfigurationPlatforms) = preSolution
		Debug|Any CPU = Debug|Any CPU
		Debug|ARM = Debug|ARM
		Debug|ARM64 = Debug|ARM64
		Debug|x64 = Debug|x64
		Debug|x86 = Debug|x86
		Release|Any CPU = Release|Any CPU
		Release|ARM = Release|ARM
		Release|ARM64 = Release|ARM64
		Release|x64 = Release|x64
		Release|x86 = Release|x86
	EndGlobalSection
	GlobalSection(ProjectConfigurationPlatforms) = postSolution
		{708DB0C8-ED43-41B5-950F-90402BA63E73}.Debug|Any CPU.ActiveCfg = Debug|x86
		{708DB0C8-ED43-41B5-950F-90402BA63E73}.Debug|ARM.ActiveCfg = Debug|ARM
		{708DB0C8-ED43-41B5-950F-90402BA63E73}.Debug|ARM.Build.0 = Debug|ARM
		{708DB0C8-ED43-41B5-950F-90402BA63E73}.Debug|ARM.Deploy.0 = Debug|ARM
		{708DB0C8-ED43-41B5-950F-90402BA63E73}.Debug|ARM64.ActiveCfg = Debug|ARM64
		{708DB0C8-ED43-41B5-950F-90402BA63E73}.Debug|ARM64.Build.0 = Debug|ARM64
		{708DB0C8-ED43-41B5-950F-90402BA63E73}.Debug|ARM64.Deploy.0 = Debug|ARM64
		{708DB0C8-ED43-41B5-950F-90402BA63E73}.Debug|x64.ActiveCfg = Debug|x64
		{708DB0C8-ED43-41B5-950F-90402BA63E73}.Debug|x64.Build.0 = Debug|x64
		{708DB0C8-ED43-41B5-950F-90402BA63E73}.Debug|x64.Deploy.0 = Debug|x64
		{708DB0C8-ED43-41B5-950F-90402BA63E73}.Debug|x86.ActiveCfg = Debug|x86
		{708DB0C8-ED43-41B5-950F-90402BA63E73}.Debug|x86.Build.0 = Debug|x86
		{708DB0C8-ED43-41B5-950F-90402BA63E73}.Debug|x86.Deploy.0 = Debug|x86
		{708DB0C8-ED43-41B5-950F-90402BA63E73}.Release|Any CPU.ActiveCfg = Release|x86
		{708DB0C8-ED43-41B5-950F-90402BA63E73}.Release|ARM.ActiveCfg = Release|ARM
		{708DB0C8-ED43-41B5-950F-90402BA63E73}.Release|ARM.Build.0 = Release|ARM
		{708DB0C8-ED43-41B5-950F-90402BA63E73}.Release|ARM.Deploy.0 = Release|ARM
		{708DB0C8-ED43-41B5-950F-90402BA63E73}.Release|ARM64.ActiveCfg = Release|ARM64
		{708DB0C8-ED43-41B5-950F-90402BA63E73}.Release|ARM64.Build.0 = Release|ARM64
		{708DB0C8-ED43-41B5-950F-90402BA63E73}.Release|ARM64.Deploy.0 = Release|ARM64
		{708DB0C8-ED43-41B5-950F-90402BA63E73}.Release|x64.ActiveCfg = Release|x64
		{708DB0C8-ED43-41B5-950F-90402BA63E73}.Release|x64.Build.0 = Release|x64
		{708DB0C8-ED43-41B5-950F-90402BA63E73}.Release|x64.Deploy.0 = Release|x64
		{708DB0C8-ED43-41B5-950F-90402BA63E73}.Release|x86.ActiveCfg = Release|x86
		{708DB0C8-ED43-41B5-950F-90402BA63E73}.Release|x86.Build.0 = Release|x86
		{708DB0C8-ED43-41B5-950F-90402BA63E73}.Release|x86.Deploy.0 = Release|x86
		{FE38DF6A-0619-4199-ADEB-BD3EF0E07297}.Debug|Any CPU.ActiveCfg = Debug|Any CPU
		{FE38DF6A-0619-4199-ADEB-BD3EF0E07297}.Debug|Any CPU.Build.0 = Debug|Any CPU
		{FE38DF6A-0619-4199-ADEB-BD3EF0E07297}.Debug|ARM.ActiveCfg = Debug|ARM
		{FE38DF6A-0619-4199-ADEB-BD3EF0E07297}.Debug|ARM.Build.0 = Debug|ARM
		{FE38DF6A-0619-4199-ADEB-BD3EF0E07297}.Debug|ARM64.ActiveCfg = Debug|ARM64
		{FE38DF6A-0619-4199-ADEB-BD3EF0E07297}.Debug|ARM64.Build.0 = Debug|ARM64
		{FE38DF6A-0619-4199-ADEB-BD3EF0E07297}.Debug|x64.ActiveCfg = Debug|x64
		{FE38DF6A-0619-4199-ADEB-BD3EF0E07297}.Debug|x64.Build.0 = Debug|x64
		{FE38DF6A-0619-4199-ADEB-BD3EF0E07297}.Debug|x86.ActiveCfg = Debug|x86
		{FE38DF6A-0619-4199-ADEB-BD3EF0E07297}.Debug|x86.Build.0 = Debug|x86
		{FE38DF6A-0619-4199-ADEB-BD3EF0E07297}.Release|Any CPU.ActiveCfg = Release|Any CPU
		{FE38DF6A-0619-4199-ADEB-BD3EF0E07297}.Release|Any CPU.Build.0 = Release|Any CPU
		{FE38DF6A-0619-4199-ADEB-BD3EF0E07297}.Release|ARM.ActiveCfg = Release|ARM
		{FE38DF6A-0619-4199-ADEB-BD3EF0E07297}.Release|ARM.Build.0 = Release|ARM
		{FE38DF6A-0619-4199-ADEB-BD3EF0E07297}.Release|ARM64.ActiveCfg = Release|ARM64
		{FE38DF6A-0619-4199-ADEB-BD3EF0E07297}.Release|ARM64.Build.0 = Release|ARM64
		{FE38DF6A-0619-4199-ADEB-BD3EF0E07297}.Release|x64.ActiveCfg = Release|x64
		{FE38DF6A-0619-4199-ADEB-BD3EF0E07297}.Release|x64.Build.0 = Release|x64
		{FE38DF6A-0619-4199-ADEB-BD3EF0E07297}.Release|x86.ActiveCfg = Release|x86
		{FE38DF6A-0619-4199-ADEB-BD3EF0E07297}.Release|x86.Build.0 = Release|x86
		{EDA4A960-FC06-40DD-80B7-17347DF3EFBF}.Debug|Any CPU.ActiveCfg = Debug|Any CPU
		{EDA4A960-FC06-40DD-80B7-17347DF3EFBF}.Debug|Any CPU.Build.0 = Debug|Any CPU
		{EDA4A960-FC06-40DD-80B7-17347DF3EFBF}.Debug|ARM.ActiveCfg = Debug|ARM
		{EDA4A960-FC06-40DD-80B7-17347DF3EFBF}.Debug|ARM.Build.0 = Debug|ARM
		{EDA4A960-FC06-40DD-80B7-17347DF3EFBF}.Debug|ARM64.ActiveCfg = Debug|ARM64
		{EDA4A960-FC06-40DD-80B7-17347DF3EFBF}.Debug|ARM64.Build.0 = Debug|ARM64
		{EDA4A960-FC06-40DD-80B7-17347DF3EFBF}.Debug|x64.ActiveCfg = Debug|x64
		{EDA4A960-FC06-40DD-80B7-17347DF3EFBF}.Debug|x64.Build.0 = Debug|x64
		{EDA4A960-FC06-40DD-80B7-17347DF3EFBF}.Debug|x86.ActiveCfg = Debug|x86
		{EDA4A960-FC06-40DD-80B7-17347DF3EFBF}.Debug|x86.Build.0 = Debug|x86
		{EDA4A960-FC06-40DD-80B7-17347DF3EFBF}.Release|Any CPU.ActiveCfg = Release|Any CPU
		{EDA4A960-FC06-40DD-80B7-17347DF3EFBF}.Release|Any CPU.Build.0 = Release|Any CPU
		{EDA4A960-FC06-40DD-80B7-17347DF3EFBF}.Release|ARM.ActiveCfg = Release|ARM
		{EDA4A960-FC06-40DD-80B7-17347DF3EFBF}.Release|ARM.Build.0 = Release|ARM
		{EDA4A960-FC06-40DD-80B7-17347DF3EFBF}.Release|ARM64.ActiveCfg = Release|ARM64
		{EDA4A960-FC06-40DD-80B7-17347DF3EFBF}.Release|ARM64.Build.0 = Release|ARM64
		{EDA4A960-FC06-40DD-80B7-17347DF3EFBF}.Release|x64.ActiveCfg = Release|x64
		{EDA4A960-FC06-40DD-80B7-17347DF3EFBF}.Release|x64.Build.0 = Release|x64
		{EDA4A960-FC06-40DD-80B7-17347DF3EFBF}.Release|x86.ActiveCfg = Release|x86
		{EDA4A960-FC06-40DD-80B7-17347DF3EFBF}.Release|x86.Build.0 = Release|x86
	EndGlobalSection
	GlobalSection(SolutionProperties) = preSolution
		HideSolutionNode = FALSE
	EndGlobalSection
	GlobalSection(ExtensibilityGlobals) = postSolution
		SolutionGuid = {1AFB478D-1583-4474-A8D0-87594C236814}
	EndGlobalSection
EndGlobal
